
Microsoft Visual Studio Solution File, Format Version 12.00
# Visual Studio 15
VisualStudioVersion = 15.0.28010.2026
MinimumVisualStudioVersion = 10.0.40219.1
Project("{FAE04EC0-301F-11D3-BF4B-00C04F79EFBC}") = "MyGreatProject", "MyGreatProject\MyGreatProject.csproj", "{DD0F5F4C-EBA2-4E17-A5BD-C6EE253451B5}"
EndProject
Project("{FAE04EC0-301F-11D3-BF4B-00C04F79EFBC}") = "MyGreatProject.Tests", "MyGreatProject.Tests\MyGreatProject.Tests.csproj", "{68F622E7-E159-40F4-B9BB-7411235CFE00}"
EndProject
Global
	GlobalSection(SolutionConfigurationPlatforms) = preSolution
		Debug|Any CPU = Debug|Any CPU
		Release|Any CPU = Release|Any CPU
	EndGlobalSection
	GlobalSection(ProjectConfigurationPlatforms) = postSolution
		{DD0F5F4C-EBA2-4E17-A5BD-C6EE253451B5}.Debug|Any CPU.ActiveCfg = Debug|Any CPU
		{DD0F5F4C-EBA2-4E17-A5BD-C6EE253451B5}.Debug|Any CPU.Build.0 = Debug|Any CPU
		{DD0F5F4C-EBA2-4E17-A5BD-C6EE253451B5}.Release|Any CPU.ActiveCfg = Release|Any CPU
		{DD0F5F4C-EBA2-4E17-A5BD-C6EE253451B5}.Release|Any CPU.Build.0 = Release|Any CPU
		{68F622E7-E159-40F4-B9BB-7411235CFE00}.Debug|Any CPU.ActiveCfg = Debug|Any CPU
		{68F622E7-E159-40F4-B9BB-7411235CFE00}.Debug|Any CPU.Build.0 = Debug|Any CPU
		{68F622E7-E159-40F4-B9BB-7411235CFE00}.Release|Any CPU.ActiveCfg = Release|Any CPU
		{68F622E7-E159-40F4-B9BB-7411235CFE00}.Release|Any CPU.Build.0 = Release|Any CPU
	EndGlobalSection
	GlobalSection(SolutionProperties) = preSolution
		HideSolutionNode = FALSE
	EndGlobalSection
	GlobalSection(ExtensibilityGlobals) = postSolution
		SolutionGuid = {A8DC2420-6921-4194-8277-E3701053110C}
	EndGlobalSection
EndGlobal
